
Microsoft Visual Studio Solution File, Format Version 11.00
# Visual Studio 2010
Project("{FAE04EC0-301F-11D3-BF4B-00C04F79EFBC}") = "SmartAdmin", "SmartAdmin\SmartAdmin.csproj", "{D6E561E0-04BF-4147-9D6B-0FFE768104BE}"
EndProject
Project("{F088123C-0E9E-452A-89E6-6BA2F21D5CAC}") = "SmartAdminModel", "SmartAdminModel\SmartAdminModel.modelproj", "{AD9B6463-D8E8-4F7A-B664-074DF94063A4}"
EndProject
Global
	GlobalSection(SolutionConfigurationPlatforms) = preSolution
		Debug|Any CPU = Debug|Any CPU
		Release|Any CPU = Release|Any CPU
	EndGlobalSection
	GlobalSection(ProjectConfigurationPlatforms) = postSolution
		{D6E561E0-04BF-4147-9D6B-0FFE768104BE}.Debug|Any CPU.ActiveCfg = Debug|Any CPU
		{D6E561E0-04BF-4147-9D6B-0FFE768104BE}.Debug|Any CPU.Build.0 = Debug|Any CPU
		{D6E561E0-04BF-4147-9D6B-0FFE768104BE}.Release|Any CPU.ActiveCfg = Release|Any CPU
		{D6E561E0-04BF-4147-9D6B-0FFE768104BE}.Release|Any CPU.Build.0 = Release|Any CPU
		{AD9B6463-D8E8-4F7A-B664-074DF94063A4}.Debug|Any CPU.ActiveCfg = Debug|Any CPU
		{AD9B6463-D8E8-4F7A-B664-074DF94063A4}.Debug|Any CPU.Build.0 = Debug|Any CPU
		{AD9B6463-D8E8-4F7A-B664-074DF94063A4}.Release|Any CPU.ActiveCfg = Release|Any CPU
		{AD9B6463-D8E8-4F7A-B664-074DF94063A4}.Release|Any CPU.Build.0 = Release|Any CPU
	EndGlobalSection
	GlobalSection(SolutionProperties) = preSolution
		HideSolutionNode = FALSE
	EndGlobalSection
EndGlobal
